
Microsoft Visual Studio Solution File, Format Version 12.00
# Visual Studio 15
VisualStudioVersion = 15.0.28010.2019
MinimumVisualStudioVersion = 10.0.40219.1
Project("{FAE04EC0-301F-11D3-BF4B-00C04F79EFBC}") = "WebDriverDemo", "WebDriverDemo\WebDriverDemo.csproj", "{56AE6691-0880-469F-844F-3287057CBA64}"
EndProject
Project("{FAE04EC0-301F-11D3-BF4B-00C04F79EFBC}") = "SeleniumTest", "SeleniumTest\SeleniumTest.csproj", "{595BC7C5-93C2-49E9-8087-3DA85392992E}"
EndProject
Global
	GlobalSection(SolutionConfigurationPlatforms) = preSolution
		Debug|Any CPU = Debug|Any CPU
		Release|Any CPU = Release|Any CPU
	EndGlobalSection
	GlobalSection(ProjectConfigurationPlatforms) = postSolution
		{56AE6691-0880-469F-844F-3287057CBA64}.Debug|Any CPU.ActiveCfg = Debug|Any CPU
		{56AE6691-0880-469F-844F-3287057CBA64}.Debug|Any CPU.Build.0 = Debug|Any CPU
		{56AE6691-0880-469F-844F-3287057CBA64}.Release|Any CPU.ActiveCfg = Release|Any CPU
		{56AE6691-0880-469F-844F-3287057CBA64}.Release|Any CPU.Build.0 = Release|Any CPU
		{595BC7C5-93C2-49E9-8087-3DA85392992E}.Debug|Any CPU.ActiveCfg = Debug|Any CPU
		{595BC7C5-93C2-49E9-8087-3DA85392992E}.Debug|Any CPU.Build.0 = Debug|Any CPU
		{595BC7C5-93C2-49E9-8087-3DA85392992E}.Release|Any CPU.ActiveCfg = Release|Any CPU
		{595BC7C5-93C2-49E9-8087-3DA85392992E}.Release|Any CPU.Build.0 = Release|Any CPU
	EndGlobalSection
	GlobalSection(SolutionProperties) = preSolution
		HideSolutionNode = FALSE
	EndGlobalSection
	GlobalSection(ExtensibilityGlobals) = postSolution
		SolutionGuid = {DD03D9AE-AC0A-4BFE-B4B1-FAF77440BA77}
	EndGlobalSection
EndGlobal
